
Microsoft Visual Studio Solution File, Format Version 12.00
# Visual Studio Version 17
VisualStudioVersion = 17.8.34525.116
MinimumVisualStudioVersion = 10.0.40219.1
Project("{FAE04EC0-301F-11D3-BF4B-00C04F79EFBC}") = "ClubElo.API", "ClubElo.API\ClubElo.API.csproj", "{AEB38C9A-5E08-49CD-8046-54637E94A901}"
EndProject
Project("{FAE04EC0-301F-11D3-BF4B-00C04F79EFBC}") = "ClubElo.API.Tests", "ClubElo.API.Tests\ClubElo.API.Tests.csproj", "{C335916F-55E6-4332-B2CA-2E0A6B94F29E}"
EndProject
Global
	GlobalSection(SolutionConfigurationPlatforms) = preSolution
		Debug|Any CPU = Debug|Any CPU
		Release|Any CPU = Release|Any CPU
	EndGlobalSection
	GlobalSection(ProjectConfigurationPlatforms) = postSolution
		{AEB38C9A-5E08-49CD-8046-54637E94A901}.Debug|Any CPU.ActiveCfg = Debug|Any CPU
		{AEB38C9A-5E08-49CD-8046-54637E94A901}.Debug|Any CPU.Build.0 = Debug|Any CPU
		{AEB38C9A-5E08-49CD-8046-54637E94A901}.Release|Any CPU.ActiveCfg = Release|Any CPU
		{AEB38C9A-5E08-49CD-8046-54637E94A901}.Release|Any CPU.Build.0 = Release|Any CPU
		{C335916F-55E6-4332-B2CA-2E0A6B94F29E}.Debug|Any CPU.ActiveCfg = Debug|Any CPU
		{C335916F-55E6-4332-B2CA-2E0A6B94F29E}.Debug|Any CPU.Build.0 = Debug|Any CPU
		{C335916F-55E6-4332-B2CA-2E0A6B94F29E}.Release|Any CPU.ActiveCfg = Release|Any CPU
		{C335916F-55E6-4332-B2CA-2E0A6B94F29E}.Release|Any CPU.Build.0 = Release|Any CPU
	EndGlobalSection
	GlobalSection(SolutionProperties) = preSolution
		HideSolutionNode = FALSE
	EndGlobalSection
	GlobalSection(ExtensibilityGlobals) = postSolution
		SolutionGuid = {D2BBEF51-D6E4-47F4-B7D6-B100A1719010}
	EndGlobalSection
EndGlobal
